<?xml version="1.0" encoding="utf-8"?>
<Project ToolsVersion="4.0" xmlns="http://schemas.microsoft.com/developer/msbuild/2003">
  <ItemGroup>
    <Filter Include="Source Files">
      <UniqueIdentifier>{4FC737F1-C7A5-4376-A066-2A32D752A2FF}</UniqueIdentifier>
      <Extensions>cpp;c;cc;cxx;def;odl;idl;hpj;bat;asm;asmx</Extensions>
    </Filter>
    <Filter Include="Header Files">
      <UniqueIdentifier>{93995380-89BD-4b04-88EB-625FBE52EBFB}</UniqueIdentifier>
      <Extensions>h;hh;hpp;hxx;hm;inl;inc;xsd</Extensions>
    </Filter>
    <Filter Include="Resource Files">
      <UniqueIdentifier>{67DA6AB6-F800-4c08-8B7A-83BB121AAD01}</UniqueIdentifier>
      <Extensions>rc;ico;cur;bmp;dlg;rc2;rct;bin;rgs;gif;jpg;jpeg;jpe;resx;tiff;tif;png;wav;mfcribbon-ms</Extensions>
    </Filter>
  </ItemGroup>
  <ItemGroup>
    <None Include="Painter_2560.ino" />
  </ItemGroup>
  <ItemGroup>
    <ClInclude Include="__vm\.Painter_2560.vsarduino.h">
      <Filter>Header Files</Filter>
    </ClInclude>
    <ClInclude Include="bed_qr_solve.h">
      <Filter>Header Files</Filter>
    </ClInclude>
    <ClInclude Include="bed_vector_3.h">
      <Filter>Header Files</Filter>
    </ClInclude>
    <ClInclude Include="boards.h">
      <Filter>Header Files</Filter>
    </ClInclude>
    <ClInclude Include="buzzer.h">
      <Filter>Header Files</Filter>
    </ClInclude>
    <ClInclude Include="cardreader.h">
      <Filter>Header Files</Filter>
    </ClInclude>
    <ClInclude Include="circularqueue.h">
      <Filter>Header Files</Filter>
    </ClInclude>
    <ClInclude Include="Conditionals_post.h">
      <Filter>Header Files</Filter>
    </ClInclude>
    <ClInclude Include="Configuration.h">
      <Filter>Header Files</Filter>
    </ClInclude>
    <ClInclude Include="Configuration_adv.h">
      <Filter>Header Files</Filter>
    </ClInclude>
    <ClInclude Include="configuration_store.h">
      <Filter>Header Files</Filter>
    </ClInclude>
    <ClInclude Include="dac_mcp4728.h">
      <Filter>Header Files</Filter>
    </ClInclude>
    <ClInclude Include="dogm_bitmaps.h">
      <Filter>Header Files</Filter>
    </ClInclude>
    <ClInclude Include="dogm_font_data_Marlin_symbols.h">
      <Filter>Header Files</Filter>
    </ClInclude>
    <ClInclude Include="duration_t.h">
      <Filter>Header Files</Filter>
    </ClInclude>
    <ClInclude Include="endstops.h">
      <Filter>Header Files</Filter>
    </ClInclude>
    <ClInclude Include="enum.h">
      <Filter>Header Files</Filter>
    </ClInclude>
    <ClInclude Include="EXTRUDERS.h">
      <Filter>Header Files</Filter>
    </ClInclude>
    <ClInclude Include="fastio.h">
      <Filter>Header Files</Filter>
    </ClInclude>
    <ClInclude Include="language.h">
      <Filter>Header Files</Filter>
    </ClInclude>
    <ClInclude Include="language_cn.h">
      <Filter>Header Files</Filter>
    </ClInclude>
    <ClInclude Include="language_en.h">
      <Filter>Header Files</Filter>
    </ClInclude>
    <ClInclude Include="language_test.h">
      <Filter>Header Files</Filter>
    </ClInclude>
    <ClInclude Include="macros.h">
      <Filter>Header Files</Filter>
    </ClInclude>
    <ClInclude Include="Marlin.h">
      <Filter>Header Files</Filter>
    </ClInclude>
    <ClInclude Include="MarlinConfig.h">
      <Filter>Header Files</Filter>
    </ClInclude>
    <ClInclude Include="MarlinSerial.h">
      <Filter>Header Files</Filter>
    </ClInclude>
    <ClInclude Include="mesh_bed_leveling.h">
      <Filter>Header Files</Filter>
    </ClInclude>
    <ClInclude Include="nozzle.h">
      <Filter>Header Files</Filter>
    </ClInclude>
    <ClInclude Include="pins.h">
      <Filter>Header Files</Filter>
    </ClInclude>
    <ClInclude Include="pins_Painter.h">
      <Filter>Header Files</Filter>
    </ClInclude>
    <ClInclude Include="planner.h">
      <Filter>Header Files</Filter>
    </ClInclude>
    <ClInclude Include="planner_bezier.h">
      <Filter>Header Files</Filter>
    </ClInclude>
    <ClInclude Include="point_t.h">
      <Filter>Header Files</Filter>
    </ClInclude>
    <ClInclude Include="printcounter.h">
      <Filter>Header Files</Filter>
    </ClInclude>
    <ClInclude Include="SanityCheck.h">
      <Filter>Header Files</Filter>
    </ClInclude>
    <ClInclude Include="Sd2Card.h">
      <Filter>Header Files</Filter>
    </ClInclude>
    <ClInclude Include="SdBaseFile.h">
      <Filter>Header Files</Filter>
    </ClInclude>
    <ClInclude Include="SdFatConfig.h">
      <Filter>Header Files</Filter>
    </ClInclude>
    <ClInclude Include="SdFatStructs.h">
      <Filter>Header Files</Filter>
    </ClInclude>
    <ClInclude Include="SdFatUtil.h">
      <Filter>Header Files</Filter>
    </ClInclude>
    <ClInclude Include="SdFile.h">
      <Filter>Header Files</Filter>
    </ClInclude>
    <ClInclude Include="SdInfo.h">
      <Filter>Header Files</Filter>
    </ClInclude>
    <ClInclude Include="SdVolume.h">
      <Filter>Header Files</Filter>
    </ClInclude>
    <ClInclude Include="servo.h">
      <Filter>Header Files</Filter>
    </ClInclude>
    <ClInclude Include="speed_lookuptable.h">
      <Filter>Header Files</Filter>
    </ClInclude>
    <ClInclude Include="stepper.h">
      <Filter>Header Files</Filter>
    </ClInclude>
    <ClInclude Include="stepper_dac.h">
      <Filter>Header Files</Filter>
    </ClInclude>
    <ClInclude Include="stepper_indirection.h">
      <Filter>Header Files</Filter>
    </ClInclude>
    <ClInclude Include="stopwatch.h">
      <Filter>Header Files</Filter>
    </ClInclude>
    <ClInclude Include="temperature.h">
      <Filter>Header Files</Filter>
    </ClInclude>
    <ClInclude Include="thermistornames.h">
      <Filter>Header Files</Filter>
    </ClInclude>
    <ClInclude Include="thermistortables.h">
      <Filter>Header Files</Filter>
    </ClInclude>
    <ClInclude Include="twibus.h">
      <Filter>Header Files</Filter>
    </ClInclude>
    <ClInclude Include="types.h">
      <Filter>Header Files</Filter>
    </ClInclude>
    <ClInclude Include="ultralcd.h">
      <Filter>Header Files</Filter>
    </ClInclude>
    <ClInclude Include="utf_mapper.h">
      <Filter>Header Files</Filter>
    </ClInclude>
    <ClInclude Include="utility.h">
      <Filter>Header Files</Filter>
    </ClInclude>
    <ClInclude Include="Version.h">
      <Filter>Header Files</Filter>
    </ClInclude>
    <ClInclude Include="watchdog.h">
      <Filter>Header Files</Filter>
    </ClInclude>
  </ItemGroup>
  <ItemGroup>
    <ClCompile Include="bed_qr_solve.cpp">
      <Filter>Source Files</Filter>
    </ClCompile>
    <ClCompile Include="bed_vector_3.cpp">
      <Filter>Source Files</Filter>
    </ClCompile>
    <ClCompile Include="cardreader.cpp">
      <Filter>Source Files</Filter>
    </ClCompile>
    <ClCompile Include="configuration_store.cpp">
      <Filter>Source Files</Filter>
    </ClCompile>
    <ClCompile Include="dac_mcp4728.cpp">
      <Filter>Source Files</Filter>
    </ClCompile>
    <ClCompile Include="digipot_mcp4451.cpp">
      <Filter>Source Files</Filter>
    </ClCompile>
    <ClCompile Include="endstops.cpp">
      <Filter>Source Files</Filter>
    </ClCompile>
    <ClCompile Include="M100_Free_Mem_Chk.cpp">
      <Filter>Source Files</Filter>
    </ClCompile>
    <ClCompile Include="MarlinSerial.cpp">
      <Filter>Source Files</Filter>
    </ClCompile>
    <ClCompile Include="Marlin_main.cpp">
      <Filter>Source Files</Filter>
    </ClCompile>
    <ClCompile Include="mesh_bed_leveling.cpp">
      <Filter>Source Files</Filter>
    </ClCompile>
    <ClCompile Include="planner.cpp">
      <Filter>Source Files</Filter>
    </ClCompile>
    <ClCompile Include="planner_bezier.cpp">
      <Filter>Source Files</Filter>
    </ClCompile>
    <ClCompile Include="printcounter.cpp">
      <Filter>Source Files</Filter>
    </ClCompile>
    <ClCompile Include="Sd2Card.cpp">
      <Filter>Source Files</Filter>
    </ClCompile>
    <ClCompile Include="SdBaseFile.cpp">
      <Filter>Source Files</Filter>
    </ClCompile>
    <ClCompile Include="SdFatUtil.cpp">
      <Filter>Source Files</Filter>
    </ClCompile>
    <ClCompile Include="SdFile.cpp">
      <Filter>Source Files</Filter>
    </ClCompile>
    <ClCompile Include="SdVolume.cpp">
      <Filter>Source Files</Filter>
    </ClCompile>
    <ClCompile Include="servo.cpp">
      <Filter>Source Files</Filter>
    </ClCompile>
    <ClCompile Include="stepper.cpp">
      <Filter>Source Files</Filter>
    </ClCompile>
    <ClCompile Include="stepper_dac.cpp">
      <Filter>Source Files</Filter>
    </ClCompile>
    <ClCompile Include="stepper_indirection.cpp">
      <Filter>Source Files</Filter>
    </ClCompile>
    <ClCompile Include="stopwatch.cpp">
      <Filter>Source Files</Filter>
    </ClCompile>
    <ClCompile Include="temperature.cpp">
      <Filter>Source Files</Filter>
    </ClCompile>
    <ClCompile Include="twibus.cpp">
      <Filter>Source Files</Filter>
    </ClCompile>
    <ClCompile Include="ultralcd.cpp">
      <Filter>Source Files</Filter>
    </ClCompile>
    <ClCompile Include="utility.cpp">
      <Filter>Source Files</Filter>
    </ClCompile>
    <ClCompile Include="watchdog.cpp">
      <Filter>Source Files</Filter>
    </ClCompile>
  </ItemGroup>
</Project>